
Microsoft Visual Studio Solution File, Format Version 12.00
# Visual Studio Version 17
VisualStudioVersion = 17.5.002.0
MinimumVisualStudioVersion = 10.0.40219.1
Project("{9A19103F-16F7-4668-BE54-9A1E7A4F7556}") = "Lesson4", "Lesson4.csproj", "{70006CD6-7625-4598-A57B-3D85780E3D41}"
EndProject
Global
	GlobalSection(SolutionConfigurationPlatforms) = preSolution
		Debug|Any CPU = Debug|Any CPU
		Release|Any CPU = Release|Any CPU
	EndGlobalSection
	GlobalSection(ProjectConfigurationPlatforms) = postSolution
		{70006CD6-7625-4598-A57B-3D85780E3D41}.Debug|Any CPU.ActiveCfg = Debug|Any CPU
		{70006CD6-7625-4598-A57B-3D85780E3D41}.Debug|Any CPU.Build.0 = Debug|Any CPU
		{70006CD6-7625-4598-A57B-3D85780E3D41}.Release|Any CPU.ActiveCfg = Release|Any CPU
		{70006CD6-7625-4598-A57B-3D85780E3D41}.Release|Any CPU.Build.0 = Release|Any CPU
	EndGlobalSection
	GlobalSection(SolutionProperties) = preSolution
		HideSolutionNode = FALSE
	EndGlobalSection
	GlobalSection(ExtensibilityGlobals) = postSolution
		SolutionGuid = {4EF8E812-6F59-495C-A4B1-726CE663E077}
	EndGlobalSection
EndGlobal
